PODS:
  - Capacitor (7.6.7):
    - CapacitorCordova
  - CapacitorCordova (7.6.7)
  - CapacitorSplashScreen (7.0.5):
    - Capacitor

DEPENDENCIES:
  - "Capacitor (from `../../node_modules/@capacitor/ios`)"
  - "CapacitorCordova (from `../../node_modules/@capacitor/ios`)"
  - "CapacitorSplashScreen (from `../../node_modules/@capacitor/splash-screen`)"

EXTERNAL SOURCES:
  Capacitor:
    :path: "../../node_modules/@capacitor/ios"
  CapacitorCordova:
    :path: "../../node_modules/@capacitor/ios"
  CapacitorSplashScreen:
    :path: "../../node_modules/@capacitor/splash-screen"

SPEC CHECKSUMS:
  Capacitor: 8ef25ba872436d2c5ac2a4791f7255529bdcd93b
  CapacitorCordova: 139e2ed3d91c54b5aeae7941135c9f9aefc6da1d
  CapacitorSplashScreen: 409eeaaeac603d264f209c0fcb718aa22fe1f7bb

PODFILE CHECKSUM: defae69d045aabbbb2d1c81b9ed5ce5a3409e308

COCOAPODS: 1.16.2
